
Microsoft Visual Studio Solution File, Format Version 12.00
# Visual Studio Version 16
VisualStudioVersion = 16.0.30320.27
MinimumVisualStudioVersion = 10.0.40219.1
Project("{FAE04EC0-301F-11D3-BF4B-00C04F79EFBC}") = "DemoAPI", "DemoAPI\DemoAPI.csproj", "{04A0F567-9FFE-47D3-B627-54E1D716C8F7}"
EndProject
Global
	GlobalSection(SolutionConfigurationPlatforms) = preSolution
		Debug|Any CPU = Debug|Any CPU
		Release|Any CPU = Release|Any CPU
	EndGlobalSection
	GlobalSection(ProjectConfigurationPlatforms) = postSolution
		{04A0F567-9FFE-47D3-B627-54E1D716C8F7}.Debug|Any CPU.ActiveCfg = Debug|Any CPU
		{04A0F567-9FFE-47D3-B627-54E1D716C8F7}.Debug|Any CPU.Build.0 = Debug|Any CPU
		{04A0F567-9FFE-47D3-B627-54E1D716C8F7}.Release|Any CPU.ActiveCfg = Release|Any CPU
		{04A0F567-9FFE-47D3-B627-54E1D716C8F7}.Release|Any CPU.Build.0 = Release|Any CPU
	EndGlobalSection
	GlobalSection(SolutionProperties) = preSolution
		HideSolutionNode = FALSE
	EndGlobalSection
	GlobalSection(ExtensibilityGlobals) = postSolution
		SolutionGuid = {D9CE14F8-35B4-4877-B96A-09F3B0945953}
	EndGlobalSection
EndGlobal
